# THIS IS AN AUTOGENERATED FILE. DO NOT EDIT THIS FILE DIRECTLY.
# yarn lockfile v1


"@babel/runtime@^7.12.1", "@babel/runtime@^7.9.2":
  version "7.20.6"
  resolved "https://registry.yarnpkg.com/@babel/runtime/-/runtime-7.20.6.tgz#facf4879bfed9b5326326273a64220f099b0fce3"
  integrity sha512-Q+8MqP7TiHMWzSfwiJwXCjyf4GYA4Dgw3emg/7xmwsdLJOZUp+nMqcOwOzzYheuM1rhDu8FSj2l0aoMygEuXuA==
  dependencies:
    regenerator-runtime "^0.13.11"

"@next/env@13.0.5":
  version "13.0.5"
  resolved "https://registry.yarnpkg.com/@next/env/-/env-13.0.5.tgz#f2fafaa42c6693260e00f443853b549509715ad1"
  integrity sha512-F3KLtiDrUslAZhTYTh8Zk5ZaavbYwLUn3NYPBnOjAXU8hWm0QVGVzKIOuURQ098ofRU4e9oglf3Sj9pFx5nI5w==

"@next/swc-android-arm-eabi@13.0.5":
  version "13.0.5"
  resolved "https://registry.yarnpkg.com/@next/swc-android-arm-eabi/-/swc-android-arm-eabi-13.0.5.tgz#bb83f8a8bea5d3d813059a28624e9ff3c0c22bac"
  integrity sha512-YO691dxHlviy6H0eghgwqn+5kU9J3iQnKERHTDSppqjjGDBl6ab4wz9XfI5AhljjkaTg3TknHoIEWFDoZ4Ve8g==

"@next/swc-android-arm64@13.0.5":
  version "13.0.5"
  resolved "https://registry.yarnpkg.com/@next/swc-android-arm64/-/swc-android-arm64-13.0.5.tgz#6082f7e4a7b07c5e1a1284ef0cb3b741b49f03de"
  integrity sha512-ugbwffkUmp8cd2afehDC8LtQeFUxElRUBBngfB5UYSWBx18HW4OgzkPFIY8jUBH16zifvGZWXbICXJWDHrOLtw==

"@next/swc-darwin-arm64@13.0.5":
  version "13.0.5"
  resolved "https://registry.yarnpkg.com/@next/swc-darwin-arm64/-/swc-darwin-arm64-13.0.5.tgz#764f85446590b8f2894c9aca0c96e039cd1ca5e0"
  integrity sha512-mshlh8QOtOalfZbc17uNAftWgqHTKnrv6QUwBe+mpGz04eqsSUzVz1JGZEdIkmuDxOz00cK2NPoc+VHDXh99IQ==

"@next/swc-darwin-x64@13.0.5":
  version "13.0.5"
  resolved "https://registry.yarnpkg.com/@next/swc-darwin-x64/-/swc-darwin-x64-13.0.5.tgz#f0e4855639279f85f4e0d2bc3d10e5b6c3dff33d"
  integrity sha512-SfigOKW4Z2UB3ruUPyvrlDIkcJq1hiw1wvYApWugD+tQsAkYZKEoz+/8emCmeYZ6Gwgi1WHV+z52Oj8u7bEHPg==

"@next/swc-freebsd-x64@13.0.5":
  version "13.0.5"
  resolved "https://registry.yarnpkg.com/@next/swc-freebsd-x64/-/swc-freebsd-x64-13.0.5.tgz#1ccc56db2fd6c1a8e10d3952b7cc5fb98c1eed71"
  integrity sha512-0NJg8HZr4yG8ynmMGFXQf+Mahvq4ZgBmUwSlLXXymgxEQgH17erH/LoR69uITtW+KTsALgk9axEt5AAabM4ucg==

"@next/swc-linux-arm-gnueabihf@13.0.5":
  version "13.0.5"
  resolved "https://registry.yarnpkg.com/@next/swc-linux-arm-gnueabihf/-/swc-linux-arm-gnueabihf-13.0.5.tgz#1dd70f03a33d0ea84a5cae03141437ff1e1b5642"
  integrity sha512-Cye+h3oDT3NDWjACMlRaolL8fokpKie34FlPj9nfoW7bYKmoMBY1d4IO/GgBF+5xEl7HkH0Ny/qex63vQ0pN+A==

"@next/swc-linux-arm64-gnu@13.0.5":
  version "13.0.5"
  resolved "https://registry.yarnpkg.com/@next/swc-linux-arm64-gnu/-/swc-linux-arm64-gnu-13.0.5.tgz#053d8379a509d005128763013e7be8b92abb0304"
  integrity sha512-5BfDS/VoRDR5QUGG9oedOCEZGmV2zxUVFYLUJVPMSMeIgqkjxWQBiG2BUHZI6/LGk9yvHmjx7BTvtBCLtRg6IQ==

"@next/swc-linux-arm64-musl@13.0.5":
  version "13.0.5"
  resolved "https://registry.yarnpkg.com/@next/swc-linux-arm64-musl/-/swc-linux-arm64-musl-13.0.5.tgz#4a260c6e2f8003b01668c9f2ecfefc102f307d04"
  integrity sha512-xenvqlXz+KxVKAB1YR723gnVNszpsCvKZkiFFaAYqDGJ502YuqU2fwLsaSm/ASRizNcBYeo9HPLTyc3r/9cdMQ==

"@next/swc-linux-x64-gnu@13.0.5":
  version "13.0.5"
  resolved "https://registry.yarnpkg.com/@next/swc-linux-x64-gnu/-/swc-linux-x64-gnu-13.0.5.tgz#d886be84865c4b3d720add8b0c1f7e71221972c2"
  integrity sha512-9Ahi1bbdXwhrWQmOyoTod23/hhK05da/FzodiNqd6drrMl1y7+RujoEcU8Dtw3H1mGWB+yuTlWo8B4Iba8hqiQ==

"@next/swc-linux-x64-musl@13.0.5":
  version "13.0.5"
  resolved "https://registry.yarnpkg.com/@next/swc-linux-x64-musl/-/swc-linux-x64-musl-13.0.5.tgz#2d4245512761d90f7e5086df6d6042f078b8e395"
  integrity sha512-V+1mnh49qmS9fOZxVRbzjhBEz9IUGJ7AQ80JPWAYQM5LI4TxfdiF4APLPvJ52rOmNeTqnVz1bbKtVOso+7EZ4w==

"@next/swc-win32-arm64-msvc@13.0.5":
  version "13.0.5"
  resolved "https://registry.yarnpkg.com/@next/swc-win32-arm64-msvc/-/swc-win32-arm64-msvc-13.0.5.tgz#19df9e548b3fe1a2aa8491dd7c01ca950977ac9e"
  integrity sha512-wRE9rkp7I+/3Jf2T9PFIJOKq3adMWYEFkPOA7XAkUfYbQHlDJm/U5cVCWUsKByyQq5RThwufI91sgd19MfxRxg==

"@next/swc-win32-ia32-msvc@13.0.5":
  version "13.0.5"
  resolved "https://registry.yarnpkg.com/@next/swc-win32-ia32-msvc/-/swc-win32-ia32-msvc-13.0.5.tgz#a4de6f9d2556b48869f20b1c0f61c5a88a213319"
  integrity sha512-Q1XQSLEhFuFhkKFdJIGt7cYQ4T3u6P5wrtUNreg5M+7P+fjSiC8+X+Vjcw+oebaacsdl0pWZlK+oACGafush1w==

"@next/swc-win32-x64-msvc@13.0.5":
  version "13.0.5"
  resolved "https://registry.yarnpkg.com/@next/swc-win32-x64-msvc/-/swc-win32-x64-msvc-13.0.5.tgz#f95f882900fe8bf84e049b720f18e851a7187cfe"
  integrity sha512-t5gRblrwwiNZP6cT7NkxlgxrFgHWtv9ei5vUraCLgBqzvIsa7X+PnarZUeQCXqz6Jg9JSGGT9j8lvzD97UqeJQ==

"@reduxjs/toolkit@^1.9.0":
  version "1.9.0"
  resolved "https://registry.yarnpkg.com/@reduxjs/toolkit/-/toolkit-1.9.0.tgz#76b264fcea677d256b18f86cc77e00743a9e02b0"
  integrity sha512-ak11IrjYcUXRqlhNPwnz6AcvA2ynJTu8PzDbbqQw4a3xR4KZtgiqbNblQD+10CRbfK4+5C79SOyxnT9dhBqFnA==
  dependencies:
    immer "^9.0.16"
    redux "^4.2.0"
    redux-thunk "^2.4.2"
    reselect "^4.1.7"

"@swc/helpers@0.4.14":
  version "0.4.14"
  resolved "https://registry.yarnpkg.com/@swc/helpers/-/helpers-0.4.14.tgz#1352ac6d95e3617ccb7c1498ff019654f1e12a74"
  integrity sha512-4C7nX/dvpzB7za4Ql9K81xK3HPxCpHMgwTZVyf+9JQ6VUbn9jjZVN7/Nkdz/Ugzs2CSjqnL/UPXroiVBVHUWUw==
  dependencies:
    tslib "^2.4.0"

"@types/hoist-non-react-statics@^3.3.1":
  version "3.3.1"
  resolved "https://registry.yarnpkg.com/@types/hoist-non-react-statics/-/hoist-non-react-statics-3.3.1.tgz#1124aafe5118cb591977aeb1ceaaed1070eb039f"
  integrity sha512-iMIqiko6ooLrTh1joXodJK5X9xeEALT1kM5G3ZLhD3hszxBdIEd5C75U834D9mLcINgD4OyZf5uQXjkuYydWvA==
  dependencies:
    "@types/react" "*"
    hoist-non-react-statics "^3.3.0"

"@types/prop-types@*":
  version "15.7.5"
  resolved "https://registry.yarnpkg.com/@types/prop-types/-/prop-types-15.7.5.tgz#5f19d2b85a98e9558036f6a3cacc8819420f05cf"
  integrity sha512-JCB8C6SnDoQf0cNycqd/35A7MjcnK+ZTqE7judS6o7utxUCg6imJg3QK2qzHKszlTjcj2cn+NwMB2i96ubpj7w==

"@types/react@*":
  version "18.0.25"
  resolved "https://registry.yarnpkg.com/@types/react/-/react-18.0.25.tgz#8b1dcd7e56fe7315535a4af25435e0bb55c8ae44"
  integrity sha512-xD6c0KDT4m7n9uD4ZHi02lzskaiqcBxf4zi+tXZY98a04wvc0hi/TcCPC2FOESZi51Nd7tlUeOJY8RofL799/g==
  dependencies:
    "@types/prop-types" "*"
    "@types/scheduler" "*"
    csstype "^3.0.2"

"@types/scheduler@*":
  version "0.16.2"
  resolved "https://registry.yarnpkg.com/@types/scheduler/-/scheduler-0.16.2.tgz#1a62f89525723dde24ba1b01b092bf5df8ad4d39"
  integrity sha512-hppQEBDmlwhFAXKJX2KnWLYu5yMfi91yazPb2l+lbJiwW+wdo1gNeRA+3RgNSO39WYX2euey41KEwnqesU2Jew==

"@types/use-sync-external-store@^0.0.3":
  version "0.0.3"
  resolved "https://registry.yarnpkg.com/@types/use-sync-external-store/-/use-sync-external-store-0.0.3.tgz#b6725d5f4af24ace33b36fafd295136e75509f43"
  integrity sha512-EwmlvuaxPNej9+T4v5AuBPJa2x2UOJVdjCtDHgcDqitUeOtjnJKJ+apYjVcAoBEMjKW1VVFGZLUb5+qqa09XFA==

asynckit@^0.4.0:
  version "0.4.0"
  resolved "https://registry.yarnpkg.com/asynckit/-/asynckit-0.4.0.tgz#c79ed97f7f34cb8f2ba1bc9790bcc366474b4b79"
  integrity sha512-Oei9OH4tRh0YqU3GxhX79dM/mwVgvbZJaSNaRk+bshkj0S5cfHcgYakreBjrHwatXKbz+IoIdYLxrKim2MjW0Q==

axios@^1.2.0:
  version "1.2.0"
  resolved "https://registry.yarnpkg.com/axios/-/axios-1.2.0.tgz#1cb65bd75162c70e9f8d118a905126c4a201d383"
  integrity sha512-zT7wZyNYu3N5Bu0wuZ6QccIf93Qk1eV8LOewxgjOZFd2DenOs98cJ7+Y6703d0wkaXGY6/nZd4EweJaHz9uzQw==
  dependencies:
    follow-redirects "^1.15.0"
    form-data "^4.0.0"
    proxy-from-env "^1.1.0"

caniuse-lite@^1.0.30001406:
  version "1.0.30001434"
  resolved "https://registry.yarnpkg.com/caniuse-lite/-/caniuse-lite-1.0.30001434.tgz#ec1ec1cfb0a93a34a0600d37903853030520a4e5"
  integrity sha512-aOBHrLmTQw//WFa2rcF1If9fa3ypkC1wzqqiKHgfdrXTWcU8C4gKVZT77eQAPWN1APys3+uQ0Df07rKauXGEYA==

client-only@0.0.1:
  version "0.0.1"
  resolved "https://registry.yarnpkg.com/client-only/-/client-only-0.0.1.tgz#38bba5d403c41ab150bff64a95c85013cf73bca1"
  integrity sha512-IV3Ou0jSMzZrd3pZ48nLkT9DA7Ag1pnPzaiQhpW7c3RbcqqzvzzVu+L8gfqMp/8IM2MQtSiqaCxrrcfu8I8rMA==

combined-stream@^1.0.8:
  version "1.0.8"
  resolved "https://registry.yarnpkg.com/combined-stream/-/combined-stream-1.0.8.tgz#c3d45a8b34fd730631a110a8a2520682b31d5a7f"
  integrity sha512-FQN4MRfuJeHf7cBbBMJFXhKSDq+2kAArBlmRBvcvFE5BB1HZKXtSFASDhdlz9zOYwxh8lDdnvmMOe/+5cdoEdg==
  dependencies:
    delayed-stream "~1.0.0"

csstype@^3.0.2:
  version "3.1.1"
  resolved "https://registry.yarnpkg.com/csstype/-/csstype-3.1.1.tgz#841b532c45c758ee546a11d5bd7b7b473c8c30b9"
  integrity sha512-DJR/VvkAvSZW9bTouZue2sSxDwdTN92uHjqeKVm+0dAqdfNykRzQ95tay8aXMBAAPpUiq4Qcug2L7neoRh2Egw==

delayed-stream@~1.0.0:
  version "1.0.0"
  resolved "https://registry.yarnpkg.com/delayed-stream/-/delayed-stream-1.0.0.tgz#df3ae199acadfb7d440aaae0b29e2272b24ec619"
  integrity sha512-ZySD7Nf91aLB0RxL4KGrKHBXl7Eds1DAmEdcoVawXnLD7SDhpNgtuII2aAkg7a7QS41jxPSZ17p4VdGnMHk3MQ==

dom-serializer@^2.0.0:
  version "2.0.0"
  resolved "https://registry.yarnpkg.com/dom-serializer/-/dom-serializer-2.0.0.tgz#e41b802e1eedf9f6cae183ce5e622d789d7d8e53"
  integrity sha512-wIkAryiqt/nV5EQKqQpo3SToSOV9J0DnbJqwK7Wv/Trc92zIAYZ4FlMu+JPFW1DfGFt81ZTCGgDEabffXeLyJg==
  dependencies:
    domelementtype "^2.3.0"
    domhandler "^5.0.2"
    entities "^4.2.0"

domelementtype@^2.3.0:
  version "2.3.0"
  resolved "https://registry.yarnpkg.com/domelementtype/-/domelementtype-2.3.0.tgz#5c45e8e869952626331d7aab326d01daf65d589d"
  integrity sha512-OLETBj6w0OsagBwdXnPdN0cnMfF9opN69co+7ZrbfPGrdpPVNBUj02spi6B1N7wChLQiPn4CSH/zJvXw56gmHw==

domhandler@5.0.3, domhandler@^5.0.1, domhandler@^5.0.2:
  version "5.0.3"
  resolved "https://registry.yarnpkg.com/domhandler/-/domhandler-5.0.3.tgz#cc385f7f751f1d1fc650c21374804254538c7d31"
  integrity sha512-cgwlv/1iFQiFnU96XXgROh8xTeetsnJiDsTc7TYCLFd9+/WNkIqPTxiM/8pSd8VIrhXGTf1Ny1q1hquVqDJB5w==
  dependencies:
    domelementtype "^2.3.0"

domutils@^3.0.1:
  version "3.0.1"
  resolved "https://registry.yarnpkg.com/domutils/-/domutils-3.0.1.tgz#696b3875238338cb186b6c0612bd4901c89a4f1c"
  integrity sha512-z08c1l761iKhDFtfXO04C7kTdPBLi41zwOZl00WS8b5eiaebNpY00HKbztwBq+e3vyqWNwWF3mP9YLUeqIrF+Q==
  dependencies:
    dom-serializer "^2.0.0"
    domelementtype "^2.3.0"
    domhandler "^5.0.1"

entities@^4.2.0, entities@^4.3.0:
  version "4.4.0"
  resolved "https://registry.yarnpkg.com/entities/-/entities-4.4.0.tgz#97bdaba170339446495e653cfd2db78962900174"
  integrity sha512-oYp7156SP8LkeGD0GF85ad1X9Ai79WtRsZ2gxJqtBuzH+98YUV6jkHEKlZkMbcrjJjIVJNIDP/3WL9wQkoPbWA==

follow-redirects@^1.15.0:
  version "1.15.2"
  resolved "https://registry.yarnpkg.com/follow-redirects/-/follow-redirects-1.15.2.tgz#b460864144ba63f2681096f274c4e57026da2c13"
  integrity sha512-VQLG33o04KaQ8uYi2tVNbdrWp1QWxNNea+nmIB4EVM28v0hmP17z7aG1+wAkNzVq4KeXTq3221ye5qTJP91JwA==

form-data@^4.0.0:
  version "4.0.0"
  resolved "https://registry.yarnpkg.com/form-data/-/form-data-4.0.0.tgz#93919daeaf361ee529584b9b31664dc12c9fa452"
  integrity sha512-ETEklSGi5t0QMZuiXoA/Q6vcnxcLQP5vdugSpuAyi6SVGi2clPPp+xgEhuMaHC+zGgn31Kd235W35f7Hykkaww==
  dependencies:
    asynckit "^0.4.0"
    combined-stream "^1.0.8"
    mime-types "^2.1.12"

hoist-non-react-statics@^3.3.0, hoist-non-react-statics@^3.3.2:
  version "3.3.2"
  resolved "https://registry.yarnpkg.com/hoist-non-react-statics/-/hoist-non-react-statics-3.3.2.tgz#ece0acaf71d62c2969c2ec59feff42a4b1a85b45"
  integrity sha512-/gGivxi8JPKWNm/W0jSmzcMPpfpPLc3dY/6GxhX2hQ9iGj3aDfklV4ET7NjKpSinLpJ5vafa9iiGIEZg10SfBw==
  dependencies:
    react-is "^16.7.0"

html-dom-parser@3.1.2:
  version "3.1.2"
  resolved "https://registry.yarnpkg.com/html-dom-parser/-/html-dom-parser-3.1.2.tgz#c137c42df80e17d185ff35a806925d96cc73f408"
  integrity sha512-mLTtl3pVn3HnqZSZzW3xVs/mJAKrG1yIw3wlp+9bdoZHHLaBRvELdpfShiPVLyjPypq1Fugv2KMDoGHW4lVXnw==
  dependencies:
    domhandler "5.0.3"
    htmlparser2 "8.0.1"

html-react-parser@^3.0.4:
  version "3.0.4"
  resolved "https://registry.yarnpkg.com/html-react-parser/-/html-react-parser-3.0.4.tgz#6a6a115a011dfdadd901ca9d2ed80fa5390647e5"
  integrity sha512-va68PSmC7uA6PbOEc9yuw5Mu3OHPXmFKUpkLGvUPdTuNrZ0CJZk1s/8X/FaHjswK/6uZghu2U02tJjussT8+uw==
  dependencies:
    domhandler "5.0.3"
    html-dom-parser "3.1.2"
    react-property "2.0.0"
    style-to-js "1.1.1"

htmlparser2@8.0.1:
  version "8.0.1"
  resolved "https://registry.yarnpkg.com/htmlparser2/-/htmlparser2-8.0.1.tgz#abaa985474fcefe269bc761a779b544d7196d010"
  integrity sha512-4lVbmc1diZC7GUJQtRQ5yBAeUCL1exyMwmForWkRLnwyzWBFxN633SALPMGYaWZvKe9j1pRZJpauvmxENSp/EA==
  dependencies:
    domelementtype "^2.3.0"
    domhandler "^5.0.2"
    domutils "^3.0.1"
    entities "^4.3.0"

immer@^9.0.16:
  version "9.0.16"
  resolved "https://registry.yarnpkg.com/immer/-/immer-9.0.16.tgz#8e7caab80118c2b54b37ad43e05758cdefad0198"
  integrity sha512-qenGE7CstVm1NrHQbMh8YaSzTZTFNP3zPqr3YU0S0UY441j4bJTg4A2Hh5KAhwgaiU6ZZ1Ar6y/2f4TblnMReQ==

inline-style-parser@0.1.1:
  version "0.1.1"
  resolved "https://registry.yarnpkg.com/inline-style-parser/-/inline-style-parser-0.1.1.tgz#ec8a3b429274e9c0a1f1c4ffa9453a7fef72cea1"
  integrity sha512-7NXolsK4CAS5+xvdj5OMMbI962hU/wvwoxk+LWR9Ek9bVtyuuYScDN6eS0rUm6TxApFpw7CX1o4uJzcd4AyD3Q==

jquery@^3.6.1:
  version "3.6.1"
  resolved "https://registry.yarnpkg.com/jquery/-/jquery-3.6.1.tgz#fab0408f8b45fc19f956205773b62b292c147a16"
  integrity sha512-opJeO4nCucVnsjiXOE+/PcCgYw9Gwpvs/a6B1LL/lQhwWwpbVEVYDZ1FokFr8PRc7ghYlrFPuyHuiiDNTQxmcw==

"js-tokens@^3.0.0 || ^4.0.0":
  version "4.0.0"
  resolved "https://registry.yarnpkg.com/js-tokens/-/js-tokens-4.0.0.tgz#19203fb59991df98e3a287050d4647cdeaf32499"
  integrity sha512-RdJUflcE3cUzKiMqQgsCu06FPu9UdIJO0beYbPhHN4k6apgJtifcoCtT9bcxOpYBtpD2kCM6Sbzg4CausW/PKQ==

loose-envify@^1.1.0:
  version "1.4.0"
  resolved "https://registry.yarnpkg.com/loose-envify/-/loose-envify-1.4.0.tgz#71ee51fa7be4caec1a63839f7e682d8132d30caf"
  integrity sha512-lyuxPGr/Wfhrlem2CL/UcnUc1zcqKAImBDzukY7Y5F/yQiNdko6+fRLevlw1HgMySw7f611UIY408EtxRSoK3Q==
  dependencies:
    js-tokens "^3.0.0 || ^4.0.0"

mime-db@1.52.0:
  version "1.52.0"
  resolved "https://registry.yarnpkg.com/mime-db/-/mime-db-1.52.0.tgz#bbabcdc02859f4987301c856e3387ce5ec43bf70"
  integrity sha512-sPU4uV7dYlvtWJxwwxHD0PuihVNiE7TyAbQ5SWxDCB9mUYvOgroQOwYQQOKPJ8CIbE+1ETVlOoK1UC2nU3gYvg==

mime-types@^2.1.12:
  version "2.1.35"
  resolved "https://registry.yarnpkg.com/mime-types/-/mime-types-2.1.35.tgz#381a871b62a734450660ae3deee44813f70d959a"
  integrity sha512-ZDY+bPm5zTTF+YpCrAU9nK0UgICYPT0QtT1NZWFv4s++TNkcgVaT0g6+4R2uI4MjQjzysHB1zxuWL50hzaeXiw==
  dependencies:
    mime-db "1.52.0"

nanoid@^3.3.4:
  version "3.3.4"
  resolved "https://registry.yarnpkg.com/nanoid/-/nanoid-3.3.4.tgz#730b67e3cd09e2deacf03c027c81c9d9dbc5e8ab"
  integrity sha512-MqBkQh/OHTS2egovRtLk45wEyNXwF+cokD+1YPf9u5VfJiRdAiRwB2froX5Co9Rh20xs4siNPm8naNotSD6RBw==

next@13.0.5:
  version "13.0.5"
  resolved "https://registry.yarnpkg.com/next/-/next-13.0.5.tgz#cddfd6804f84a21721da370e4425980876670173"
  integrity sha512-awpc3DkphyKydwCotcBnuKwh6hMqkT5xdiBK4OatJtOZurDPBYLP62jtM2be/4OunpmwIbsS0Eyv+ZGU97ciEg==
  dependencies:
    "@next/env" "13.0.5"
    "@swc/helpers" "0.4.14"
    caniuse-lite "^1.0.30001406"
    postcss "8.4.14"
    styled-jsx "5.1.0"
  optionalDependencies:
    "@next/swc-android-arm-eabi" "13.0.5"
    "@next/swc-android-arm64" "13.0.5"
    "@next/swc-darwin-arm64" "13.0.5"
    "@next/swc-darwin-x64" "13.0.5"
    "@next/swc-freebsd-x64" "13.0.5"
    "@next/swc-linux-arm-gnueabihf" "13.0.5"
    "@next/swc-linux-arm64-gnu" "13.0.5"
    "@next/swc-linux-arm64-musl" "13.0.5"
    "@next/swc-linux-x64-gnu" "13.0.5"
    "@next/swc-linux-x64-musl" "13.0.5"
    "@next/swc-win32-arm64-msvc" "13.0.5"
    "@next/swc-win32-ia32-msvc" "13.0.5"
    "@next/swc-win32-x64-msvc" "13.0.5"

picocolors@^1.0.0:
  version "1.0.0"
  resolved "https://registry.yarnpkg.com/picocolors/-/picocolors-1.0.0.tgz#cb5bdc74ff3f51892236eaf79d68bc44564ab81c"
  integrity sha512-1fygroTLlHu66zi26VoTDv8yRgm0Fccecssto+MhsZ0D/DGW2sm8E8AjW7NU5VVTRt5GxbeZ5qBuJr+HyLYkjQ==

postcss@8.4.14:
  version "8.4.14"
  resolved "https://registry.yarnpkg.com/postcss/-/postcss-8.4.14.tgz#ee9274d5622b4858c1007a74d76e42e56fd21caf"
  integrity sha512-E398TUmfAYFPBSdzgeieK2Y1+1cpdxJx8yXbK/m57nRhKSmk1GB2tO4lbLBtlkfPQTDKfe4Xqv1ASWPpayPEig==
  dependencies:
    nanoid "^3.3.4"
    picocolors "^1.0.0"
    source-map-js "^1.0.2"

proxy-from-env@^1.1.0:
  version "1.1.0"
  resolved "https://registry.yarnpkg.com/proxy-from-env/-/proxy-from-env-1.1.0.tgz#e102f16ca355424865755d2c9e8ea4f24d58c3e2"
  integrity sha512-D+zkORCbA9f1tdWRK0RaCR3GPv50cMxcrz4X8k5LTSUD1Dkw47mKJEZQNunItRTkWwgtaUSo1RVFRIG9ZXiFYg==

react-dom@18.2.0:
  version "18.2.0"
  resolved "https://registry.yarnpkg.com/react-dom/-/react-dom-18.2.0.tgz#22aaf38708db2674ed9ada224ca4aa708d821e3d"
  integrity sha512-6IMTriUmvsjHUjNtEDudZfuDQUoWXVxKHhlEGSk81n4YFS+r/Kl99wXiwlVXtPBtJenozv2P+hxDsw9eA7Xo6g==
  dependencies:
    loose-envify "^1.1.0"
    scheduler "^0.23.0"

react-is@^16.7.0:
  version "16.13.1"
  resolved "https://registry.yarnpkg.com/react-is/-/react-is-16.13.1.tgz#789729a4dc36de2999dc156dd6c1d9c18cea56a4"
  integrity sha512-24e6ynE2H+OKt4kqsOvNd8kBpV65zoxbA4BVsEOB3ARVWQki/DHzaUoC5KuON/BiccDaCCTZBuOcfZs70kR8bQ==

react-is@^18.0.0:
  version "18.2.0"
  resolved "https://registry.yarnpkg.com/react-is/-/react-is-18.2.0.tgz#199431eeaaa2e09f86427efbb4f1473edb47609b"
  integrity sha512-xWGDIW6x921xtzPkhiULtthJHoJvBbF3q26fzloPCK0hsvxtPVelvftw3zjbHWSkR2km9Z+4uxbDDK/6Zw9B8w==

react-property@2.0.0:
  version "2.0.0"
  resolved "https://registry.yarnpkg.com/react-property/-/react-property-2.0.0.tgz#2156ba9d85fa4741faf1918b38efc1eae3c6a136"
  integrity sha512-kzmNjIgU32mO4mmH5+iUyrqlpFQhF8K2k7eZ4fdLSOPFrD1XgEuSBv9LDEgxRXTMBqMd8ppT0x6TIzqE5pdGdw==

react-redux@^8.0.5:
  version "8.0.5"
  resolved "https://registry.yarnpkg.com/react-redux/-/react-redux-8.0.5.tgz#e5fb8331993a019b8aaf2e167a93d10af469c7bd"
  integrity sha512-Q2f6fCKxPFpkXt1qNRZdEDLlScsDWyrgSj0mliK59qU6W5gvBiKkdMEG2lJzhd1rCctf0hb6EtePPLZ2e0m1uw==
  dependencies:
    "@babel/runtime" "^7.12.1"
    "@types/hoist-non-react-statics" "^3.3.1"
    "@types/use-sync-external-store" "^0.0.3"
    hoist-non-react-statics "^3.3.2"
    react-is "^18.0.0"
    use-sync-external-store "^1.0.0"

react@^18.2.0:
  version "18.2.0"
  resolved "https://registry.yarnpkg.com/react/-/react-18.2.0.tgz#555bd98592883255fa00de14f1151a917b5d77d5"
  integrity sha512-/3IjMdb2L9QbBdWiW5e3P2/npwMBaU9mHCSCUzNln0ZCYbcfTsGbTJrU/kGemdH2IWmB2ioZ+zkxtmq6g09fGQ==
  dependencies:
    loose-envify "^1.1.0"

redux-thunk@^2.4.2:
  version "2.4.2"
  resolved "https://registry.yarnpkg.com/redux-thunk/-/redux-thunk-2.4.2.tgz#b9d05d11994b99f7a91ea223e8b04cf0afa5ef3b"
  integrity sha512-+P3TjtnP0k/FEjcBL5FZpoovtvrTNT/UXd4/sluaSyrURlSlhLSzEdfsTBW7WsKB6yPvgd7q/iZPICFjW4o57Q==

redux@^4.2.0:
  version "4.2.0"
  resolved "https://registry.yarnpkg.com/redux/-/redux-4.2.0.tgz#46f10d6e29b6666df758780437651eeb2b969f13"
  integrity sha512-oSBmcKKIuIR4ME29/AeNUnl5L+hvBq7OaJWzaptTQJAntaPvxIJqfnjbaEiCzzaIz+XmVILfqAM3Ob0aXLPfjA==
  dependencies:
    "@babel/runtime" "^7.9.2"

regenerator-runtime@^0.13.11:
  version "0.13.11"
  resolved "https://registry.yarnpkg.com/regenerator-runtime/-/regenerator-runtime-0.13.11.tgz#f6dca3e7ceec20590d07ada785636a90cdca17f9"
  integrity sha512-kY1AZVr2Ra+t+piVaJ4gxaFaReZVH40AKNo7UCX6W+dEwBo/2oZJzqfuN1qLq1oL45o56cPaTXELwrTh8Fpggg==

reselect@^4.1.7:
  version "4.1.7"
  resolved "https://registry.yarnpkg.com/reselect/-/reselect-4.1.7.tgz#56480d9ff3d3188970ee2b76527bd94a95567a42"
  integrity sha512-Zu1xbUt3/OPwsXL46hvOOoQrap2azE7ZQbokq61BQfiXvhewsKDwhMeZjTX9sX0nvw1t/U5Audyn1I9P/m9z0A==

scheduler@^0.23.0:
  version "0.23.0"
  resolved "https://registry.yarnpkg.com/scheduler/-/scheduler-0.23.0.tgz#ba8041afc3d30eb206a487b6b384002e4e61fdfe"
  integrity sha512-CtuThmgHNg7zIZWAXi3AsyIzA3n4xx7aNyjwC2VJldO2LMVDhFK+63xGqq6CsJH4rTAt6/M+N4GhZiDYPx9eUw==
  dependencies:
    loose-envify "^1.1.0"

source-map-js@^1.0.2:
  version "1.0.2"
  resolved "https://registry.yarnpkg.com/source-map-js/-/source-map-js-1.0.2.tgz#adbc361d9c62df380125e7f161f71c826f1e490c"
  integrity sha512-R0XvVJ9WusLiqTCEiGCmICCMplcCkIwwR11mOSD9CR5u+IXYdiseeEuXCVAjS54zqwkLcPNnmU4OeJ6tUrWhDw==

style-to-js@1.1.1:
  version "1.1.1"
  resolved "https://registry.yarnpkg.com/style-to-js/-/style-to-js-1.1.1.tgz#417786986cda61d4525c80aed9d1123a6a7af9b8"
  integrity sha512-RJ18Z9t2B02sYhZtfWKQq5uplVctgvjTfLWT7+Eb1zjUjIrWzX5SdlkwLGQozrqarTmEzJJ/YmdNJCUNI47elg==
  dependencies:
    style-to-object "0.3.0"

style-to-object@0.3.0:
  version "0.3.0"
  resolved "https://registry.yarnpkg.com/style-to-object/-/style-to-object-0.3.0.tgz#b1b790d205991cc783801967214979ee19a76e46"
  integrity sha512-CzFnRRXhzWIdItT3OmF8SQfWyahHhjq3HwcMNCNLn+N7klOOqPjMeG/4JSu77D7ypZdGvSzvkrbyeTMizz2VrA==
  dependencies:
    inline-style-parser "0.1.1"

styled-jsx@5.1.0:
  version "5.1.0"
  resolved "https://registry.yarnpkg.com/styled-jsx/-/styled-jsx-5.1.0.tgz#4a5622ab9714bd3fcfaeec292aa555871f057563"
  integrity sha512-/iHaRJt9U7T+5tp6TRelLnqBqiaIT0HsO0+vgyj8hK2KUk7aejFqRrumqPUlAqDwAj8IbS/1hk3IhBAAK/FCUQ==
  dependencies:
    client-only "0.0.1"

tslib@^2.4.0:
  version "2.4.1"
  resolved "https://registry.yarnpkg.com/tslib/-/tslib-2.4.1.tgz#0d0bfbaac2880b91e22df0768e55be9753a5b17e"
  integrity sha512-tGyy4dAjRIEwI7BzsB0lynWgOpfqjUdq91XXAlIWD2OwKBH7oCl/GZG/HT4BOHrTlPMOASlMQ7veyTqpmRcrNA==

use-sync-external-store@^1.0.0:
  version "1.2.0"
  resolved "https://registry.yarnpkg.com/use-sync-external-store/-/use-sync-external-store-1.2.0.tgz#7dbefd6ef3fe4e767a0cf5d7287aacfb5846928a"
  integrity sha512-eEgnFxGQ1Ife9bzYs6VLi8/4X6CObHMw9Qr9tPY43iKwsPw8xE8+EFsf/2cFZ5S3esXgpWgtSCtLNS41F+sKPA==
